
Microsoft Visual Studio Solution File, Format Version 12.00
# Visual Studio Version 17
VisualStudioVersion = 17.5.33424.131
MinimumVisualStudioVersion = 10.0.40219.1
Project("{FAE04EC0-301F-11D3-BF4B-00C04F79EFBC}") = "PostcardGenerator", "PostcardGenerator\PostcardGenerator.csproj", "{76A7F89A-58FF-4CC2-9D3C-11ABD2935413}"
EndProject
Global
	GlobalSection(SolutionConfigurationPlatforms) = preSolution
		Debug|Any CPU = Debug|Any CPU
		Release|Any CPU = Release|Any CPU
	EndGlobalSection
	GlobalSection(ProjectConfigurationPlatforms) = postSolution
		{76A7F89A-58FF-4CC2-9D3C-11ABD2935413}.Debug|Any CPU.ActiveCfg = Debug|Any CPU
		{76A7F89A-58FF-4CC2-9D3C-11ABD2935413}.Debug|Any CPU.Build.0 = Debug|Any CPU
		{76A7F89A-58FF-4CC2-9D3C-11ABD2935413}.Release|Any CPU.ActiveCfg = Release|Any CPU
		{76A7F89A-58FF-4CC2-9D3C-11ABD2935413}.Release|Any CPU.Build.0 = Release|Any CPU
	EndGlobalSection
	GlobalSection(SolutionProperties) = preSolution
		HideSolutionNode = FALSE
	EndGlobalSection
	GlobalSection(ExtensibilityGlobals) = postSolution
		SolutionGuid = {3BE340DB-EC9B-4D8D-814C-64E0E006C6C3}
	EndGlobalSection
EndGlobal
